
Microsoft Visual Studio Solution File, Format Version 12.00
# Visual Studio 15
VisualStudioVersion = 15.0.26730.15
MinimumVisualStudioVersion = 10.0.40219.1
Project("{FAE04EC0-301F-11D3-BF4B-00C04F79EFBC}") = "ABSA.Assessment1", "ABSA.Assessment1\ABSA.Assessment1.csproj", "{38461C33-8E21-403C-A610-9D3133AE287D}"
EndProject
Global
	GlobalSection(SolutionConfigurationPlatforms) = preSolution
		Debug|Any CPU = Debug|Any CPU
		Release|Any CPU = Release|Any CPU
	EndGlobalSection
	GlobalSection(ProjectConfigurationPlatforms) = postSolution
		{38461C33-8E21-403C-A610-9D3133AE287D}.Debug|Any CPU.ActiveCfg = Debug|Any CPU
		{38461C33-8E21-403C-A610-9D3133AE287D}.Debug|Any CPU.Build.0 = Debug|Any CPU
		{38461C33-8E21-403C-A610-9D3133AE287D}.Release|Any CPU.ActiveCfg = Release|Any CPU
		{38461C33-8E21-403C-A610-9D3133AE287D}.Release|Any CPU.Build.0 = Release|Any CPU
	EndGlobalSection
	GlobalSection(SolutionProperties) = preSolution
		HideSolutionNode = FALSE
	EndGlobalSection
	GlobalSection(ExtensibilityGlobals) = postSolution
		SolutionGuid = {1ACCF780-26E6-4D47-820D-6CF197F9603B}
	EndGlobalSection
EndGlobal
